# This file was autogenerated by Stack.
# You should not edit this file by hand.
# For more information, please see the documentation at:
#   https://docs.haskellstack.org/en/stable/lock_files

packages:
- completed:
    hackage: OneTuple-0.3.1@sha256:c4c1f2971fd41c964a1bbe433adeed4cad9d0f99d67430ff5e1be5a7d7ab2ca3,2240
    pantry-tree:
      size: 506
      sha256: 7678e4fbd592b26bb241e56171f400a62f73bc1de8a7706fcc2fbce2a5ba9c20
  original:
    hackage: OneTuple-0.3.1
- completed:
    hackage: Only-0.1@sha256:f92f5da97e647451f1ee7f5bf44914fb75062d08ccd3f36b2000d649c63d13aa,1373
    pantry-tree:
      size: 210
      sha256: e999ae7690fc1e13bb471bc1ead6d7a5c245843d17862d3d27f7f0f752513257
  original:
    hackage: Only-0.1
- completed:
    hackage: QuickCheck-2.14.2@sha256:4ce29211223d5e6620ebceba34a3ca9ccf1c10c0cf387d48aea45599222ee5aa,7736
    pantry-tree:
      size: 2315
      sha256: 2fe423d0ed7cd64f0f165d708779f48814e66c4f181c568468134af55d86a5f8
  original:
    hackage: QuickCheck-2.14.2
- completed:
    hackage: StateVar-1.2.2@sha256:3c022c00485fe165e3080d5da6b3ca9c9b02f62c5deebc584d1b3d1309ce673e,1673
    pantry-tree:
      size: 314
      sha256: 204cac98219e99334f47b12c565945611748ea03a4d629273dd697d738bcfd7f
  original:
    hackage: StateVar-1.2.2
- completed:
    hackage: aeson-2.0.2.0@sha256:5720fffb7289366029f2b7940e9f8b22a1b4c282f0cef4710685b1d14d76bdc7,6327
    pantry-tree:
      size: 37910
      sha256: 6de8e70acd5ed455ac33d7496e8dbf994067f1f845dd420e7256623b2a8dee8b
  original:
    hackage: aeson-2.0.2.0
- completed:
    hackage: assoc-1.0.2@sha256:e0d9d1febc172e2a1b22aacd25df7f90be557dcf12ff87359f43128f8c194d9e,1237
    pantry-tree:
      size: 290
      sha256: 760f0aa60d4beb6a893ae9f73f64f5e93dc4414487bc0c8dfa33dadffd338de9
  original:
    hackage: assoc-1.0.2
- completed:
    hackage: async-2.2.4@sha256:b83dec34a53520de84c6dd3dc7aae45d22409b46eb471c478b98108215a370f0,3095
    pantry-tree:
      size: 501
      sha256: 08b8a9f8d2e27d51b04fb9c14f65e1209c7f24160d2a4557963900edb2c0f07d
  original:
    hackage: async-2.2.4
- completed:
    hackage: attoparsec-0.14.2@sha256:f5aa0c612314782f94d88e5fdf9af5216736e2c370cfdb0131af2509e307337d,5966
    pantry-tree:
      size: 5305
      sha256: 011d80a7936593efa658009d5c584b93bbdeba5ce8fc37c5d04f6c762be50c53
  original:
    hackage: attoparsec-0.14.2
- completed:
    hackage: base-compat-0.12.1@sha256:20e50848d9dfee1523fafe8950060b04fae43d402c15553da5c7cacd116f7846,6960
    pantry-tree:
      size: 9038
      sha256: 2f2c14615443954f117613d77835234b598718e611fb4cf4522e01980bf1bcbd
  original:
    hackage: base-compat-0.12.1
- completed:
    hackage: base-compat-batteries-0.12.1@sha256:3a276157ee9314aa9e3ea4d7d86b3c180e719969a931a442c23bfa7783fee8c2,8627
    pantry-tree:
      size: 11169
      sha256: 94af16c8bf9cb2f8c9d73db1b928714190d872018f9f3cc216680f7838b4ff14
  original:
    hackage: base-compat-batteries-0.12.1
- completed:
    hackage: base-orphans-0.8.6@sha256:eb6758d0160d607e0c45dbd6b196f515b9a589fd4f6d2f926929dd5d56282d37,3175
    pantry-tree:
      size: 1272
      sha256: f889d6903383305688e6e703982bfdc985649b7d4538429e44f98f99d8f73c07
  original:
    hackage: base-orphans-0.8.6
- completed:
    hackage: bifunctors-5.5.11@sha256:cc425ee85aae56dba1123baf6fb3fa7abcd90782f26bb904eef14c7332ee85f6,3919
    pantry-tree:
      size: 1758
      sha256: d3f0fdcd108e771b5cb68ee068c9a8637494e0c513f0845124798cc9dcdd11f0
  original:
    hackage: bifunctors-5.5.11
- completed:
    hackage: bytestring-builder-0.10.8.2.0@sha256:6b2b812cdac53f5a2c82376a416dde04adbb5ca3e1604c0d075368a0498f762b,3781
    pantry-tree:
      size: 1393
      sha256: cbfed55bf3b55fa213e9635423b69db89ff797e68b29bd8f9e62eef843c3524b
  original:
    hackage: bytestring-builder-0.10.8.2.0
- completed:
    hackage: cassava-0.5.2.0@sha256:9e80122e8a7c42c92fd00f58ecf4ab4a1da9afcf87e426be92f4e7a292765f34,6033
    pantry-tree:
      size: 1551
      sha256: 682d0bde78cd53789ca5fd4657986bacc50fa0d6b5cbdf6220c801fd81b3476d
  original:
    hackage: cassava-0.5.2.0
- completed:
    hackage: comonad-5.0.8@sha256:1f1aabd73ec7f80f20cf078a748a60cd48d8e57277802fdf6a9ab3601a9b8f7e,3631
    pantry-tree:
      size: 1618
      sha256: 394660fe7fa4127e5a181890bce28b9fcd6eb180ba25aa5566bc8b5bdd385517
  original:
    hackage: comonad-5.0.8
- completed:
    hackage: constraints-0.13.2@sha256:a59df9f9f53043cbc7565be0550e8053af6da470dedbfd9c24916c3822325a04,2396
    pantry-tree:
      size: 867
      sha256: 4202ad75fb8cc33cf230bb406579ca540ea33010026f8e66d60e6d4e0b64cb35
  original:
    hackage: constraints-0.13.2
- completed:
    hackage: contravariant-1.5.5@sha256:470ed0e040e879e2da4af1b2c8f94e199f6135852a8107858d5ae0a95365835f,3041
    pantry-tree:
      size: 652
      sha256: 9eb62fea28548dc8a0f60fd47c12843092b78b24ed771b8ad63a0bb34dba8bc4
  original:
    hackage: contravariant-1.5.5
- completed:
    hackage: data-fix-0.3.2@sha256:e909776381648a75e82438a40df33c05397b57119b80bb83e38189370319b67a,1692
    pantry-tree:
      size: 262
      sha256: 327440e3a8d6c69617f67d49e3904c8d4b69558ea9f92f7856658b930ee64717
  original:
    hackage: data-fix-0.3.2
- completed:
    hackage: distributive-0.6.2.1@sha256:0f99f5541cca04acf89b64432b03422b6408e830a8dff30e6c4334ef1a48680c,2996
    pantry-tree:
      size: 735
      sha256: a42bed5fe0ba295643538312dee6c9436314c05a6f7efdd32b4303979f8bd744
  original:
    hackage: distributive-0.6.2.1
- completed:
    hackage: dlist-1.0@sha256:124cb3aa1decebd5171b46601b1f74cca6cfae12d266ace3799b86dd05ef7cb4,3560
    pantry-tree:
      size: 953
      sha256: 8467afe9c94b2756e5703fed0950b51418bd877acbdd72e9dc3488b8f28f4e82
  original:
    hackage: dlist-1.0
- completed:
    hackage: extensible-0.8.3@sha256:2886978a81e9c2ff29a93caf7ae847a8b7724dc4ee22381c5d29ca8318c686c4,2955
    pantry-tree:
      size: 2041
      sha256: 670fd3807d351e2668eb7c10d926c24501ef190e49e4a4624acc822b09b257b4
  original:
    hackage: extensible-0.8.3
- completed:
    hackage: hashable-1.3.5.0@sha256:47d1232d9788bb909cfbd80618de18dcdfb925609593e202912bd5841db138c1,4193
    pantry-tree:
      size: 1248
      sha256: adde5ecc080faa094750544837937cf876e65bf5bf28d81db22e7401faa46bf3
  original:
    hackage: hashable-1.3.5.0
- completed:
    hackage: incremental-0.3.1@sha256:9c697bae4f7e5ceb144bde13e03ca2f36b4bc2d0c92bbc02e0a604231ee279c2,1153
    pantry-tree:
      size: 370
      sha256: fd5f40352dbf1602babd2c5db2a120c26e57bbd5ad30b19ce24d04189f6a18d1
  original:
    hackage: incremental-0.3.1
- completed:
    hackage: indexed-traversable-0.1.2@sha256:8e8e39c730741495bd597716a74560f996b189520ec2a58b08a29de2dc5ea872,2497
    pantry-tree:
      size: 495
      sha256: b5e68c5a04dcab46c6d2a74f4bab16e4f63fc0bc4ee5968b9fb2e59dbb3d3473
  original:
    hackage: indexed-traversable-0.1.2
- completed:
    hackage: indexed-traversable-instances-0.1.1@sha256:69ce2476ac8376bc269ca05a7a5973f033d4a7736793dc22a3ec3032da70ceb7,3224
    pantry-tree:
      size: 480
      sha256: 707d8d3c66d153d4671a7c12cacf9928e3d2df93b9d411b6c7462c4073c3c619
  original:
    hackage: indexed-traversable-instances-0.1.1
- completed:
    hackage: integer-logarithms-1.0.3.1@sha256:b65e11ec6f4b29c5278716da0544b951a49ab5310608df0fc41eec29f15691d9,3229
    pantry-tree:
      size: 865
      sha256: 804c8c0d77470f84640ee70c66155f770798e295c0a0572e41d071f69e24ca4e
  original:
    hackage: integer-logarithms-1.0.3.1
- completed:
    hackage: membership-0.0.1@sha256:6c4d4ab6e3fb3253c6c670e8a63f74454dc91be50b9f292d0b1355792190aee5,999
    pantry-tree:
      size: 408
      sha256: b918a1a207108313b2bf453b0d9aa65122d9845c4b360c8ade46d3429ff1107a
  original:
    hackage: membership-0.0.1
- completed:
    hackage: microlens-0.4.12.0@sha256:2d799d17c9e36fb5a62fbed1f07231cf5e423d9d82ac24b5137263bcef1cc4ed,4520
    pantry-tree:
      size: 461
      sha256: 86f299089b5ca23186e7e59d0804820e5ca09d5155ac43108b28282bd5d3caf3
  original:
    hackage: microlens-0.4.12.0
- completed:
    hackage: microlens-mtl-0.2.0.1@sha256:ac604347d822e07215ca4374d7d13881be2e53c29d5c12882bd82e782f42369e,1777
    pantry-tree:
      size: 344
      sha256: d528416749b85df814e91d569e2a7097c451ab3f07b6f5f06c08746c1eae6b24
  original:
    hackage: microlens-mtl-0.2.0.1
- completed:
    hackage: prettyprinter-1.7.1@sha256:9c43c9d8c3cd9f445596e5a2379574bba87f935a4d1fa41b5407ee3cf4edc743,6987
    pantry-tree:
      size: 3460
      sha256: cd6f393bf7cba603a1958a139915fc343efd5488e36fd7b3b5c6956c002d04fa
  original:
    hackage: prettyprinter-1.7.1
- completed:
    hackage: primitive-0.7.3.0@sha256:6b28a1c0572f5ca50597ba8388aeade21515842969ae192cdc6bfca81367bf56,2951
    pantry-tree:
      size: 1655
      sha256: 4dd118201091c04a138a25e262ab61e8e64e811832eadd8b6b39d56504dfe045
  original:
    hackage: primitive-0.7.3.0
- completed:
    hackage: profunctors-5.6.2@sha256:d91e81cf7fc186d616543d5ca7aad78b1c45c692486ca75a3f022466ff8e4bad,2483
    pantry-tree:
      size: 1588
      sha256: e28e8cc25235bcedbfe9234c5a5df0b19f0525e1e413be9234db8a5f2fa9f6d5
  original:
    hackage: profunctors-5.6.2
- completed:
    hackage: random-1.2.1@sha256:8bee24dc0c985a90ee78d94c61f8aed21c49633686f0f1c14c5078d818ee43a2,6598
    pantry-tree:
      size: 1528
      sha256: 8bdc994ce41f43624ab42302a881fe5a0f81d965f5d238841e24943664681a06
  original:
    hackage: random-1.2.1
- completed:
    hackage: rio-0.1.21.0@sha256:a49aaac7af792eeb641bd7f34b26b428e570e1804b32cac85952319275b61b24,3669
    pantry-tree:
      size: 4802
      sha256: 22bb223ae72643b0edddf03c4a0b3c7b7bbdfe483ccdc8c84a809e9a702fe062
  original:
    hackage: rio-0.1.21.0
- completed:
    hackage: scientific-0.3.7.0@sha256:d7edb4dfb320e7b9cc9d503ca435d22983a236db06c7b4f3e81c099a9fd4cd73,4809
    pantry-tree:
      size: 657
      sha256: 7b09735385193ba6ba4cdbc9ccd2aa60989a5c913df439da23e0a87ca60576ee
  original:
    hackage: scientific-0.3.7.0
- completed:
    hackage: semialign-1.2.0.1@sha256:5efc30d6f53f8d2a8a26d9bf3a57c0f20f4ba3086797ccaa615f644abc21d42e,2814
    pantry-tree:
      size: 537
      sha256: 061a65f6c4355cc852cbfb0b4ad875814acf8f35edc7cefa4bf5b3e2c9b63e33
  original:
    hackage: semialign-1.2.0.1
- completed:
    hackage: semigroupoids-5.3.6@sha256:56119f42bc080256100bd6dab6292c144eef430b3430f2ce1581e8e06668d33e,7752
    pantry-tree:
      size: 2404
      sha256: bbdbff3cc65e5cf23a28e2256d282bffdba87b674d38681833e5624cc18ca88b
  original:
    hackage: semigroupoids-5.3.6
- completed:
    hackage: semigroups-0.19.2@sha256:4eaa22de527068e5a323c4ba5411e24b60386507730d0445865ab71b35e5f95e,6539
    pantry-tree:
      size: 481
      sha256: 0840abb02bf1882bdf356dc7360453d0b121739a808c981d8bcf4fa0c3ee043f
  original:
    hackage: semigroups-0.19.2
- completed:
    hackage: splitmix-0.1.0.4@sha256:714a55fd28d3e2533bd5b49e74f604ef8e5d7b06f249c8816f6c54aed431dcf1,6483
    pantry-tree:
      size: 1519
      sha256: 79f4645c11b7a3861db0b596297f72804f509444d639a8fd7c0162b1ed80c578
  original:
    hackage: splitmix-0.1.0.4
- completed:
    hackage: strict-0.4.0.1@sha256:ab041906af66c97de0ded33846865c9794c1a2cfce13d7e68e9b46922faf31ff,4170
    pantry-tree:
      size: 654
      sha256: cd366130c026503533576eea1213328c5a40459df960bf1cb21a63af680387a0
  original:
    hackage: strict-0.4.0.1
- completed:
    hackage: tagged-0.8.6.1@sha256:29c67d98a4404607f024750ab9c7210dadcbbef4e1944c48c52902f2071b2662,2874
    pantry-tree:
      size: 496
      sha256: 4548d4f2d43e25a182ac6f5da34364c4a41a1da88468c671445a0bf2a70c130c
  original:
    hackage: tagged-0.8.6.1
- completed:
    hackage: text-short-0.1.4@sha256:4f7a76e78baf391d262883007e8f8d8fb23a2805d56d9725d6abdf1428542e11,3575
    pantry-tree:
      size: 727
      sha256: aa1040a3846f49461a4345e96f1a7d8367f00657f248c52cb7b76cb162dc8b10
  original:
    hackage: text-short-0.1.4
- completed:
    hackage: th-abstraction-0.4.3.0@sha256:db4b3b69398acd8a7c5c8cc8a962da55d65d05d44d5039b51bd3cb5fb3d8400f,2148
    pantry-tree:
      size: 670
      sha256: cd2d3fd020b3c6b415e41c71b60999ca7dd14918b056e15e090f640cba1feed8
  original:
    hackage: th-abstraction-0.4.3.0
- completed:
    hackage: th-lift-0.8.2@sha256:955f3ad62b202d2ff37a616d2155ad9ce30879c7c63edab1f1ec69d757d70ed1,2677
    pantry-tree:
      size: 543
      sha256: 9901527aedddd60372e970df215a9f5604fde3dd355e07633bf9ccc07e3e7b03
  original:
    hackage: th-lift-0.8.2
- completed:
    hackage: these-1.1.1.1@sha256:2deb8cb10e5ad68b073509c29b2aebd25bf59149b5bb8b3b38b2c6109802725d,2748
    pantry-tree:
      size: 351
      sha256: 88f4eefce024022b0173a0d31b789a11de3f47fd0aefac9418554aa9de7cd581
  original:
    hackage: these-1.1.1.1
- completed:
    hackage: time-compat-1.9.6.1@sha256:381a2e8ed6e41d20ff5929d12d25c1d9337d459de5964ef1d90b06d115b31f07,5033
    pantry-tree:
      size: 4113
      sha256: dd54303f712dd2b8dc05942061921b0d06e0bd501b42c965a9ac6a0a37cd3128
  original:
    hackage: time-compat-1.9.6.1
- completed:
    hackage: transformers-compat-0.7.1@sha256:03534fcfd4a6026d415b0e19d2a48d6ccb639e809db0cd41f313bc771a887a9b,5602
    pantry-tree:
      size: 1724
      sha256: 62a237717ebb6337a8ca3b446a1fa3075fd0e5136384e00760f702064eda9c0f
  original:
    hackage: transformers-compat-0.7.1
- completed:
    hackage: type-equality-1@sha256:bb3a34a93ad02866763b325e889ea9f5aa31f7428e32dcaa1cf14015bd21b9cb,1597
    pantry-tree:
      size: 313
      sha256: ea121a8b58ce43a4f1f7556cc73e8c2b8b71950d9ccf35252fd3e9c3514c8798
  original:
    hackage: type-equality-1
- completed:
    hackage: typed-process-0.2.7.0@sha256:83b0e4049c8410a08a964e0840d77816c1bf1b60cfe6d80d3d170a66e8aa30be,2051
    pantry-tree:
      size: 529
      sha256: 4dfb8c8c17cdd4321ed94a6eec7a5d952c190162c693657c01ccedc10a6da1e5
  original:
    hackage: typed-process-0.2.7.0
- completed:
    hackage: unliftio-0.2.20@sha256:93cebd01b5fe2c2c028e0785b1fe8ec42b3d30d869e7848034bb4b7b5894dc24,3318
    pantry-tree:
      size: 2423
      sha256: d2effa7737d7ce2918815158ce00c6562f7ce3f55b69d35d507da285b5ad8543
  original:
    hackage: unliftio-0.2.20
- completed:
    hackage: unliftio-core-0.2.0.1@sha256:f9abcdd3f3d28e4840563efb7b8760d2de9b5707bcd6f53a87f6a0d77bb5a9f7,1082
    pantry-tree:
      size: 328
      sha256: 9955bc1336dd07c94928892f1a97aed6e5fe63a4242f089a0efd2e95174490ea
  original:
    hackage: unliftio-core-0.2.0.1
- completed:
    hackage: unordered-containers-0.2.15.0@sha256:7e84950317c31e9c33f11e6338c1dcc9be0141ff696cf5249985c4625b9e144a,5217
    pantry-tree:
      size: 1316
      sha256: c81c3ba43b0f5588128c657312a845ec520449026aa8c0f68027534219afa078
  original:
    hackage: unordered-containers-0.2.15.0
- completed:
    hackage: uuid-types-1.0.5@sha256:7ce4768b13546080c6c28a843b8d050927dda1a1732e7014db558518284cc39a,2591
    pantry-tree:
      size: 480
      sha256: 88536a05ad489620e48aac8d19f43ec0ec836808e62eab64e95cbd033473b0bd
  original:
    hackage: uuid-types-1.0.5
- completed:
    hackage: vector-0.12.3.1@sha256:672884b271c15501f1398dc1755c435d3659cf9aa77144c0316d055b5fbdfa82,7932
    pantry-tree:
      size: 3842
      sha256: 7201fd69d4558190fa28b3cc0a5e21a47453647c5ccb23d949a63ba07f0ef8b9
  original:
    hackage: vector-0.12.3.1
- completed:
    hackage: witherable-0.4.2@sha256:ce9032236603fb084e7a744fd056717e55297b2216c1952eda80eb7609b395d7,2330
    pantry-tree:
      size: 384
      sha256: e61fa66edfb3b871be247b0d83134e0c76ef8bfd3f8afa27fd72e545e1028630
  original:
    hackage: witherable-0.4.2
snapshots: []
